
Microsoft Visual Studio Solution File, Format Version 12.00
# Visual Studio Version 17
VisualStudioVersion = 17.5.002.0
MinimumVisualStudioVersion = 10.0.40219.1
Project("{2150E333-8FDC-42A3-9474-1A3956D46DE8}") = "src", "src", "{30F1DD55-BF2B-47BE-B8D9-6ABE95B17B76}"
EndProject
Project("{9A19103F-16F7-4668-BE54-9A1E7A4F7556}") = "secretkey", "src\secretkey\secretkey.csproj", "{F956CEB2-5492-4975-99BE-FD3A4EF0B517}"
EndProject
Global
	GlobalSection(SolutionConfigurationPlatforms) = preSolution
		Debug|Any CPU = Debug|Any CPU
		Release|Any CPU = Release|Any CPU
	EndGlobalSection
	GlobalSection(ProjectConfigurationPlatforms) = postSolution
		{F956CEB2-5492-4975-99BE-FD3A4EF0B517}.Debug|Any CPU.ActiveCfg = Debug|Any CPU
		{F956CEB2-5492-4975-99BE-FD3A4EF0B517}.Debug|Any CPU.Build.0 = Debug|Any CPU
		{F956CEB2-5492-4975-99BE-FD3A4EF0B517}.Release|Any CPU.ActiveCfg = Release|Any CPU
		{F956CEB2-5492-4975-99BE-FD3A4EF0B517}.Release|Any CPU.Build.0 = Release|Any CPU
	EndGlobalSection
	GlobalSection(SolutionProperties) = preSolution
		HideSolutionNode = FALSE
	EndGlobalSection
	GlobalSection(NestedProjects) = preSolution
		{F956CEB2-5492-4975-99BE-FD3A4EF0B517} = {30F1DD55-BF2B-47BE-B8D9-6ABE95B17B76}
	EndGlobalSection
	GlobalSection(ExtensibilityGlobals) = postSolution
		SolutionGuid = {F11EF235-FDE7-41E1-968C-02B4B6F28302}
	EndGlobalSection
EndGlobal
